
Microsoft Visual Studio Solution File, Format Version 12.00
# Visual Studio 15
VisualStudioVersion = 15.0.26430.16
MinimumVisualStudioVersion = 10.0.40219.1
Project("{FAE04EC0-301F-11D3-BF4B-00C04F79EFBC}") = "Intro to MonoGame", "Intro to MonoGame\Intro to MonoGame.csproj", "{4C454CEB-1C28-4F80-A9A7-710D458B9762}"
EndProject
Project("{FAE04EC0-301F-11D3-BF4B-00C04F79EFBC}") = "3D with MonoGame", "3D with MonoGame\3D with MonoGame.csproj", "{13B44507-DDDD-4944-AE0D-BF74BECC4705}"
EndProject
Global
	GlobalSection(SolutionConfigurationPlatforms) = preSolution
		Debug|Any CPU = Debug|Any CPU
		Release|Any CPU = Release|Any CPU
	EndGlobalSection
	GlobalSection(ProjectConfigurationPlatforms) = postSolution
		{4C454CEB-1C28-4F80-A9A7-710D458B9762}.Debug|Any CPU.ActiveCfg = Debug|Any CPU
		{4C454CEB-1C28-4F80-A9A7-710D458B9762}.Debug|Any CPU.Build.0 = Debug|Any CPU
		{4C454CEB-1C28-4F80-A9A7-710D458B9762}.Debug|Any CPU.Deploy.0 = Debug|Any CPU
		{4C454CEB-1C28-4F80-A9A7-710D458B9762}.Release|Any CPU.ActiveCfg = Release|Any CPU
		{4C454CEB-1C28-4F80-A9A7-710D458B9762}.Release|Any CPU.Build.0 = Release|Any CPU
		{4C454CEB-1C28-4F80-A9A7-710D458B9762}.Release|Any CPU.Deploy.0 = Release|Any CPU
		{13B44507-DDDD-4944-AE0D-BF74BECC4705}.Debug|Any CPU.ActiveCfg = Debug|Any CPU
		{13B44507-DDDD-4944-AE0D-BF74BECC4705}.Debug|Any CPU.Build.0 = Debug|Any CPU
		{13B44507-DDDD-4944-AE0D-BF74BECC4705}.Debug|Any CPU.Deploy.0 = Debug|Any CPU
		{13B44507-DDDD-4944-AE0D-BF74BECC4705}.Release|Any CPU.ActiveCfg = Release|Any CPU
		{13B44507-DDDD-4944-AE0D-BF74BECC4705}.Release|Any CPU.Build.0 = Release|Any CPU
		{13B44507-DDDD-4944-AE0D-BF74BECC4705}.Release|Any CPU.Deploy.0 = Release|Any CPU
	EndGlobalSection
	GlobalSection(SolutionProperties) = preSolution
		HideSolutionNode = FALSE
	EndGlobalSection
EndGlobal
